
Microsoft Visual Studio Solution File, Format Version 12.00
# Visual Studio Version 17
VisualStudioVersion = 17.12.35707.178
MinimumVisualStudioVersion = 10.0.40219.1
Project("{FAE04EC0-301F-11D3-BF4B-00C04F79EFBC}") = "StudentsAPI", "StudentsAPI\StudentsAPI.csproj", "{FEBE605E-3047-43C3-A70A-11E5F5B39721}"
EndProject
Project("{FAE04EC0-301F-11D3-BF4B-00C04F79EFBC}") = "StudentsAPI.Core", "StudentsAPI.Core\StudentsAPI.Core.csproj", "{7E65E0F0-982D-4A1C-967F-42E634BCEE9B}"
EndProject
Project("{FAE04EC0-301F-11D3-BF4B-00C04F79EFBC}") = "StudentsAPI.DAL", "StudentsAPI.DAL\StudentsAPI.DAL.csproj", "{FF077ACA-C97A-4C36-A698-8989D194772D}"
EndProject
Project("{FAE04EC0-301F-11D3-BF4B-00C04F79EFBC}") = "StudentsAPI.Application", "StudentsAPI.Application\StudentsAPI.Application.csproj", "{AC9EEC41-9CE2-4011-B0CD-D4FC7C151A2F}"
EndProject
Global
	GlobalSection(SolutionConfigurationPlatforms) = preSolution
		Debug|Any CPU = Debug|Any CPU
		Release|Any CPU = Release|Any CPU
	EndGlobalSection
	GlobalSection(ProjectConfigurationPlatforms) = postSolution
		{FEBE605E-3047-43C3-A70A-11E5F5B39721}.Debug|Any CPU.ActiveCfg = Debug|Any CPU
		{FEBE605E-3047-43C3-A70A-11E5F5B39721}.Debug|Any CPU.Build.0 = Debug|Any CPU
		{FEBE605E-3047-43C3-A70A-11E5F5B39721}.Release|Any CPU.ActiveCfg = Release|Any CPU
		{FEBE605E-3047-43C3-A70A-11E5F5B39721}.Release|Any CPU.Build.0 = Release|Any CPU
		{7E65E0F0-982D-4A1C-967F-42E634BCEE9B}.Debug|Any CPU.ActiveCfg = Debug|Any CPU
		{7E65E0F0-982D-4A1C-967F-42E634BCEE9B}.Debug|Any CPU.Build.0 = Debug|Any CPU
		{7E65E0F0-982D-4A1C-967F-42E634BCEE9B}.Release|Any CPU.ActiveCfg = Release|Any CPU
		{7E65E0F0-982D-4A1C-967F-42E634BCEE9B}.Release|Any CPU.Build.0 = Release|Any CPU
		{FF077ACA-C97A-4C36-A698-8989D194772D}.Debug|Any CPU.ActiveCfg = Debug|Any CPU
		{FF077ACA-C97A-4C36-A698-8989D194772D}.Debug|Any CPU.Build.0 = Debug|Any CPU
		{FF077ACA-C97A-4C36-A698-8989D194772D}.Release|Any CPU.ActiveCfg = Release|Any CPU
		{FF077ACA-C97A-4C36-A698-8989D194772D}.Release|Any CPU.Build.0 = Release|Any CPU
		{AC9EEC41-9CE2-4011-B0CD-D4FC7C151A2F}.Debug|Any CPU.ActiveCfg = Debug|Any CPU
		{AC9EEC41-9CE2-4011-B0CD-D4FC7C151A2F}.Debug|Any CPU.Build.0 = Debug|Any CPU
		{AC9EEC41-9CE2-4011-B0CD-D4FC7C151A2F}.Release|Any CPU.ActiveCfg = Release|Any CPU
		{AC9EEC41-9CE2-4011-B0CD-D4FC7C151A2F}.Release|Any CPU.Build.0 = Release|Any CPU
	EndGlobalSection
	GlobalSection(SolutionProperties) = preSolution
		HideSolutionNode = FALSE
	EndGlobalSection
EndGlobal
